
Microsoft Visual Studio Solution File, Format Version 12.00
# Visual Studio Version 17
VisualStudioVersion = 17.0.32112.339
MinimumVisualStudioVersion = 10.0.40219.1
Project("{9A19103F-16F7-4668-BE54-9A1E7A4F7556}") = "EntityMtwServer", "EntityMtwServer.csproj", "{FC160183-B63D-4285-AB1F-B0833227C009}"
EndProject
Global
	GlobalSection(SolutionConfigurationPlatforms) = preSolution
		Debug|Any CPU = Debug|Any CPU
		Release|Any CPU = Release|Any CPU
	EndGlobalSection
	GlobalSection(ProjectConfigurationPlatforms) = postSolution
		{FC160183-B63D-4285-AB1F-B0833227C009}.Debug|Any CPU.ActiveCfg = Debug|Any CPU
		{FC160183-B63D-4285-AB1F-B0833227C009}.Debug|Any CPU.Build.0 = Debug|Any CPU
		{FC160183-B63D-4285-AB1F-B0833227C009}.Release|Any CPU.ActiveCfg = Release|Any CPU
		{FC160183-B63D-4285-AB1F-B0833227C009}.Release|Any CPU.Build.0 = Release|Any CPU
	EndGlobalSection
	GlobalSection(SolutionProperties) = preSolution
		HideSolutionNode = FALSE
	EndGlobalSection
	GlobalSection(ExtensibilityGlobals) = postSolution
		SolutionGuid = {AB5EB4EB-F6C0-41D1-9A74-3639A524F5B9}
	EndGlobalSection
EndGlobal
